
Microsoft Visual Studio Solution File, Format Version 12.00
# Visual Studio Version 16
VisualStudioVersion = 16.0.30711.63
MinimumVisualStudioVersion = 10.0.40219.1
Project("{FAE04EC0-301F-11D3-BF4B-00C04F79EFBC}") = "A2GBotDemos", "A2GBotDemos\A2GBotDemos.csproj", "{29D6F1C1-72C1-4162-8EAF-8AF54EAB91C6}"
EndProject
Global
	GlobalSection(SolutionConfigurationPlatforms) = preSolution
		Debug|Any CPU = Debug|Any CPU
		Release|Any CPU = Release|Any CPU
	EndGlobalSection
	GlobalSection(ProjectConfigurationPlatforms) = postSolution
		{29D6F1C1-72C1-4162-8EAF-8AF54EAB91C6}.Debug|Any CPU.ActiveCfg = Debug|Any CPU
		{29D6F1C1-72C1-4162-8EAF-8AF54EAB91C6}.Debug|Any CPU.Build.0 = Debug|Any CPU
		{29D6F1C1-72C1-4162-8EAF-8AF54EAB91C6}.Release|Any CPU.ActiveCfg = Release|Any CPU
		{29D6F1C1-72C1-4162-8EAF-8AF54EAB91C6}.Release|Any CPU.Build.0 = Release|Any CPU
	EndGlobalSection
	GlobalSection(SolutionProperties) = preSolution
		HideSolutionNode = FALSE
	EndGlobalSection
	GlobalSection(ExtensibilityGlobals) = postSolution
		SolutionGuid = {C5B64DB3-01DE-4FF9-B510-6E19E770A801}
	EndGlobalSection
EndGlobal
